// !$*UTF8*$!
{
	archiveVersion = 1;
	classes = {
	};
	objectVersion = 46;
	objects = {

/* Begin PBXBuildFile section */
		C2F389551851EBB000AA9A6C /* UIKit.framework in Frameworks */ = {isa = PBXBuildFile; fileRef = C2F389541851EBB000AA9A6C /* UIKit.framework */; };
		C2F389571851EBB000AA9A6C /* Foundation.framework in Frameworks */ = {isa = PBXBuildFile; fileRef = C2F389561851EBB000AA9A6C /* Foundation.framework */; };
		C2F389591851EBB000AA9A6C /* CoreGraphics.framework in Frameworks */ = {isa = PBXBuildFile; fileRef = C2F389581851EBB000AA9A6C /* CoreGraphics.framework */; };
		C2F3895F1851EBB000AA9A6C /* InfoPlist.strings in Resources */ = {isa = PBXBuildFile; fileRef = C2F3895D1851EBB000AA9A6C /* InfoPlist.strings */; };
		C2F389611851EBB000AA9A6C /* main.m in Sources */ = {isa = PBXBuildFile; fileRef = C2F389601851EBB000AA9A6C /* main.m */; };
		C2F389651851EBB000AA9A6C /* AppDelegate.m in Sources */ = {isa = PBXBuildFile; fileRef = C2F389641851EBB000AA9A6C /* AppDelegate.m */; };
		C2F389671851EBB000AA9A6C /* Default.png in Resources */ = {isa = PBXBuildFile; fileRef = C2F389661851EBB000AA9A6C /* Default.png */; };
		C2F389691851EBB000AA9A6C /* Default@2x.png in Resources */ = {isa = PBXBuildFile; fileRef = C2F389681851EBB000AA9A6C /* Default@2x.png */; };
		C2F3896B1851EBB000AA9A6C /* Default-568h@2x.png in Resources */ = {isa = PBXBuildFile; fileRef = C2F3896A1851EBB000AA9A6C /* Default-568h@2x.png */; };
		C2F3896E1851EBB000AA9A6C /* ViewController.m in Sources */ = {isa = PBXBuildFile; fileRef = C2F3896D1851EBB000AA9A6C /* ViewController.m */; };
		C2F389711851EBB000AA9A6C /* ViewController.xib in Resources */ = {isa = PBXBuildFile; fileRef = C2F3896F1851EBB000AA9A6C /* ViewController.xib */; };
/* End PBXBuildFile section */

/* Begin PBXFileReference section */
		C2F389511851EBB000AA9A6C /* Keyboard.app */ = {isa = PBXFileReference; explicitFileType = wrapper.application; includeInIndex = 0; path = Keyboard.app; sourceTree = BUILT_PRODUCTS_DIR; };
		C2F389541851EBB000AA9A6C /* UIKit.framework */ = {isa = PBXFileReference; lastKnownFileType = wrapper.framework; name = UIKit.framework; path = System/Library/Frameworks/UIKit.framework; sourceTree = SDKROOT; };
		C2F389561851EBB000AA9A6C /* Foundation.framework */ = {isa = PBXFileReference; lastKnownFileType = wrapper.framework; name = Foundation.framework; path = System/Library/Frameworks/Foundation.framework; sourceTree = SDKROOT; };
		C2F389581851EBB000AA9A6C /* CoreGraphics.framework */ = {isa = PBXFileReference; lastKnownFileType = wrapper.framework; name = CoreGraphics.framework; path = System/Library/Frameworks/CoreGraphics.framework; sourceTree = SDKROOT; };
		C2F3895C1851EBB000AA9A6C /* Keyboard-Info.plist */ = {isa = PBXFileReference; lastKnownFileType = text.plist.xml; path = "Keyboard-Info.plist"; sourceTree = "<group>"; };
		C2F3895E1851EBB000AA9A6C /* en */ = {isa = PBXFileReference; lastKnownFileType = text.plist.strings; name = en; path = en.lproj/InfoPlist.strings; sourceTree = "<group>"; };
		C2F389601851EBB000AA9A6C /* main.m */ = {isa = PBXFileReference; lastKnownFileType = sourcecode.c.objc; path = main.m; sourceTree = "<group>"; };
		C2F389621851EBB000AA9A6C /* Keyboard-Prefix.pch */ = {isa = PBXFileReference; lastKnownFileType = sourcecode.c.h; path = "Keyboard-Prefix.pch"; sourceTree = "<group>"; };
		C2F389631851EBB000AA9A6C /* AppDelegate.h */ = {isa = PBXFileReference; lastKnownFileType = sourcecode.c.h; path = AppDelegate.h; sourceTree = "<group>"; };
		C2F389641851EBB000AA9A6C /* AppDelegate.m */ = {isa = PBXFileReference; lastKnownFileType = sourcecode.c.objc; path = AppDelegate.m; sourceTree = "<group>"; };
		C2F389661851EBB000AA9A6C /* Default.png */ = {isa = PBXFileReference; lastKnownFileType = image.png; path = Default.png; sourceTree = "<group>"; };
		C2F389681851EBB000AA9A6C /* Default@2x.png */ = {isa = PBXFileReference; lastKnownFileType = image.png; path = "Default@2x.png"; sourceTree = "<group>"; };
		C2F3896A1851EBB000AA9A6C /* Default-568h@2x.png */ = {isa = PBXFileReference; lastKnownFileType = image.png; path = "Default-568h@2x.png"; sourceTree = "<group>"; };
		C2F3896C1851EBB000AA9A6C /* ViewController.h */ = {isa = PBXFileReference; lastKnownFileType = sourcecode.c.h; path = ViewController.h; sourceTree = "<group>"; };
		C2F3896D1851EBB000AA9A6C /* ViewController.m */ = {isa = PBXFileReference; lastKnownFileType = sourcecode.c.objc; path = ViewController.m; sourceTree = "<group>"; };
		C2F389701851EBB000AA9A6C /* en */ = {isa = PBXFileReference; lastKnownFileType = file.xib; name = en; path = en.lproj/ViewController.xib; sourceTree = "<group>"; };
/* End PBXFileReference section */

/* Begin PBXFrameworksBuildPhase section */
		C2F3894E1851EBAF00AA9A6C /* Frameworks */ = {
			isa = PBXFrameworksBuildPhase;
			buildActionMask = 2147483647;
			files = (
				C2F389551851EBB000AA9A6C /* UIKit.framework in Frameworks */,
				C2F389571851EBB000AA9A6C /* Foundation.framework in Frameworks */,
				C2F389591851EBB000AA9A6C /* CoreGraphics.framework in Frameworks */,
			);
			runOnlyForDeploymentPostprocessing = 0;
		};
/* End PBXFrameworksBuildPhase section */

/* Begin PBXGroup section */
		C2F389481851EBAF00AA9A6C = {
			isa = PBXGroup;
			children = (
				C2F3895A1851EBB000AA9A6C /* Keyboard */,
				C2F389531851EBB000AA9A6C /* Frameworks */,
				C2F389521851EBB000AA9A6C /* Products */,
			);
			sourceTree = "<group>";
		};
		C2F389521851EBB000AA9A6C /* Products */ = {
			isa = PBXGroup;
			children = (
				C2F389511851EBB000AA9A6C /* Keyboard.app */,
			);
			name = Products;
			sourceTree = "<group>";
		};
		C2F389531851EBB000AA9A6C /* Frameworks */ = {
			isa = PBXGroup;
			children = (
				C2F389541851EBB000AA9A6C /* UIKit.framework */,
				C2F389561851EBB000AA9A6C /* Foundation.framework */,
				C2F389581851EBB000AA9A6C /* CoreGraphics.framework */,
			);
			name = Frameworks;
			sourceTree = "<group>";
		};
		C2F3895A1851EBB000AA9A6C /* Keyboard */ = {
			isa = PBXGroup;
			children = (
				C2F389631851EBB000AA9A6C /* AppDelegate.h */,
				C2F389641851EBB000AA9A6C /* AppDelegate.m */,
				C2F3896C1851EBB000AA9A6C /* ViewController.h */,
				C2F3896D1851EBB000AA9A6C /* ViewController.m */,
				C2F3896F1851EBB000AA9A6C /* ViewController.xib */,
				C2F3895B1851EBB000AA9A6C /* Supporting Files */,
			);
			path = Keyboard;
			sourceTree = "<group>";
		};
		C2F3895B1851EBB000AA9A6C /* Supporting Files */ = {
			isa = PBXGroup;
			children = (
				C2F3895C1851EBB000AA9A6C /* Keyboard-Info.plist */,
				C2F3895D1851EBB000AA9A6C /* InfoPlist.strings */,
				C2F389601851EBB000AA9A6C /* main.m */,
				C2F389621851EBB000AA9A6C /* Keyboard-Prefix.pch */,
				C2F389661851EBB000AA9A6C /* Default.png */,
				C2F389681851EBB000AA9A6C /* Default@2x.png */,
				C2F3896A1851EBB000AA9A6C /* Default-568h@2x.png */,
			);
			name = "Supporting Files";
			sourceTree = "<group>";
		};
/* End PBXGroup section */

/* Begin PBXNativeTarget section */
		C2F389501851EBAF00AA9A6C /* Keyboard */ = {
			isa = PBXNativeTarget;
			buildConfigurationList = C2F389741851EBB000AA9A6C /* Build configuration list for PBXNativeTarget "Keyboard" */;
			buildPhases = (
				C2F3894D1851EBAF00AA9A6C /* Sources */,
				C2F3894E1851EBAF00AA9A6C /* Frameworks */,
				C2F3894F1851EBAF00AA9A6C /* Resources */,
			);
			buildRules = (
			);
			dependencies = (
			);
			name = Keyboard;
			productName = Keyboard;
			productReference = C2F389511851EBB000AA9A6C /* Keyboard.app */;
			productType = "com.apple.product-type.application";
		};
/* End PBXNativeTarget section */

/* Begin PBXProject section */
		C2F389491851EBAF00AA9A6C /* Project object */ = {
			isa = PBXProject;
			attributes = {
				LastUpgradeCheck = 0460;
				ORGANIZATIONNAME = TW;
			};
			buildConfigurationList = C2F3894C1851EBAF00AA9A6C /* Build configuration list for PBXProject "Keyboard" */;
			compatibilityVersion = "Xcode 3.2";
			developmentRegion = English;
			hasScannedForEncodings = 0;
			knownRegions = (
				en,
			);
			mainGroup = C2F389481851EBAF00AA9A6C;
			productRefGroup = C2F389521851EBB000AA9A6C /* Products */;
			projectDirPath = "";
			projectRoot = "";
			targets = (
				C2F389501851EBAF00AA9A6C /* Keyboard */,
			);
		};
/* End PBXProject section */

/* Begin PBXResourcesBuildPhase section */
		C2F3894F1851EBAF00AA9A6C /* Resources */ = {
			isa = PBXResourcesBuildPhase;
			buildActionMask = 2147483647;
			files = (
				C2F3895F1851EBB000AA9A6C /* InfoPlist.strings in Resources */,
				C2F389671851EBB000AA9A6C /* Default.png in Resources */,
				C2F389691851EBB000AA9A6C /* Default@2x.png in Resources */,
				C2F3896B1851EBB000AA9A6C /* Default-568h@2x.png in Resources */,
				C2F389711851EBB000AA9A6C /* ViewController.xib in Resources */,
			);
			runOnlyForDeploymentPostprocessing = 0;
		};
/* End PBXResourcesBuildPhase section */

/* Begin PBXSourcesBuildPhase section */
		C2F3894D1851EBAF00AA9A6C /* Sources */ = {
			isa = PBXSourcesBuildPhase;
			buildActionMask = 2147483647;
			files = (
				C2F389611851EBB000AA9A6C /* main.m in Sources */,
				C2F389651851EBB000AA9A6C /* AppDelegate.m in Sources */,
				C2F3896E1851EBB000AA9A6C /* ViewController.m in Sources */,
			);
			runOnlyForDeploymentPostprocessing = 0;
		};
/* End PBXSourcesBuildPhase section */

/* Begin PBXVariantGroup section */
		C2F3895D1851EBB000AA9A6C /* InfoPlist.strings */ = {
			isa = PBXVariantGroup;
			children = (
				C2F3895E1851EBB000AA9A6C /* en */,
			);
			name = InfoPlist.strings;
			sourceTree = "<group>";
		};
		C2F3896F1851EBB000AA9A6C /* ViewController.xib */ = {
			isa = PBXVariantGroup;
			children = (
				C2F389701851EBB000AA9A6C /* en */,
			);
			name = ViewController.xib;
			sourceTree = "<group>";
		};
/* End PBXVariantGroup section */

/* Begin XCBuildConfiguration section */
		C2F389721851EBB000AA9A6C /* Debug */ = {
			isa = XCBuildConfiguration;
			buildSettings = {
				ALWAYS_SEARCH_USER_PATHS = NO;
				CLANG_CXX_LANGUAGE_STANDARD = "gnu++0x";
				CLANG_CXX_LIBRARY = "libc++";
				CLANG_ENABLE_OBJC_ARC = YES;
				CLANG_WARN_CONSTANT_CONVERSION = YES;
				CLANG_WARN_EMPTY_BODY = YES;
				CLANG_WARN_ENUM_CONVERSION = YES;
				CLANG_WARN_INT_CONVERSION = YES;
				CLANG_WARN__DUPLICATE_METHOD_MATCH = YES;
				"CODE_SIGN_IDENTITY[sdk=iphoneos*]" = "iPhone Developer";
				COPY_PHASE_STRIP = NO;
				GCC_C_LANGUAGE_STANDARD = gnu99;
				GCC_DYNAMIC_NO_PIC = NO;
				GCC_OPTIMIZATION_LEVEL = 0;
				GCC_PREPROCESSOR_DEFINITIONS = (
					"DEBUG=1",
					"$(inherited)",
				);
				GCC_SYMBOLS_PRIVATE_EXTERN = NO;
				GCC_WARN_ABOUT_RETURN_TYPE = YES;
				GCC_WARN_UNINITIALIZED_AUTOS = YES;
				GCC_WARN_UNUSED_VARIABLE = YES;
				IPHONEOS_DEPLOYMENT_TARGET = 6.1;
				ONLY_ACTIVE_ARCH = YES;
				SDKROOT = iphoneos;
			};
			name = Debug;
		};
		C2F389731851EBB000AA9A6C /* Release */ = {
			isa = XCBuildConfiguration;
			buildSettings = {
				ALWAYS_SEARCH_USER_PATHS = NO;
				CLANG_CXX_LANGUAGE_STANDARD = "gnu++0x";
				CLANG_CXX_LIBRARY = "libc++";
				CLANG_ENABLE_OBJC_ARC = YES;
				CLANG_WARN_CONSTANT_CONVERSION = YES;
				CLANG_WARN_EMPTY_BODY = YES;
				CLANG_WARN_ENUM_CONVERSION = YES;
				CLANG_WARN_INT_CONVERSION = YES;
				CLANG_WARN__DUPLICATE_METHOD_MATCH = YES;
				"CODE_SIGN_IDENTITY[sdk=iphoneos*]" = "iPhone Developer";
				COPY_PHASE_STRIP = YES;
				GCC_C_LANGUAGE_STANDARD = gnu99;
				GCC_WARN_ABOUT_RETURN_TYPE = YES;
				GCC_WARN_UNINITIALIZED_AUTOS = YES;
				GCC_WARN_UNUSED_VARIABLE = YES;
				IPHONEOS_DEPLOYMENT_TARGET = 6.1;
				OTHER_CFLAGS = "-DNS_BLOCK_ASSERTIONS=1";
				SDKROOT = iphoneos;
				VALIDATE_PRODUCT = YES;
			};
			name = Release;
		};
		C2F389751851EBB000AA9A6C /* Debug */ = {
			isa = XCBuildConfiguration;
			buildSettings = {
				GCC_PRECOMPILE_PREFIX_HEADER = YES;
				GCC_PREFIX_HEADER = "Keyboard/Keyboard-Prefix.pch";
				INFOPLIST_FILE = "Keyboard/Keyboard-Info.plist";
				PRODUCT_NAME = "$(TARGET_NAME)";
				WRAPPER_EXTENSION = app;
			};
			name = Debug;
		};
		C2F389761851EBB000AA9A6C /* Release */ = {
			isa = XCBuildConfiguration;
			buildSettings = {
				GCC_PRECOMPILE_PREFIX_HEADER = YES;
				GCC_PREFIX_HEADER = "Keyboard/Keyboard-Prefix.pch";
				INFOPLIST_FILE = "Keyboard/Keyboard-Info.plist";
				PRODUCT_NAME = "$(TARGET_NAME)";
				WRAPPER_EXTENSION = app;
			};
			name = Release;
		};
/* End XCBuildConfiguration section */

/* Begin XCConfigurationList section */
		C2F3894C1851EBAF00AA9A6C /* Build configuration list for PBXProject "Keyboard" */ = {
			isa = XCConfigurationList;
			buildConfigurations = (
				C2F389721851EBB000AA9A6C /* Debug */,
				C2F389731851EBB000AA9A6C /* Release */,
			);
			defaultConfigurationIsVisible = 0;
			defaultConfigurationName = Release;
		};
		C2F389741851EBB000AA9A6C /* Build configuration list for PBXNativeTarget "Keyboard" */ = {
			isa = XCConfigurationList;
			buildConfigurations = (
				C2F389751851EBB000AA9A6C /* Debug */,
				C2F389761851EBB000AA9A6C /* Release */,
			);
			defaultConfigurationIsVisible = 0;
		};
/* End XCConfigurationList section */
	};
	rootObject = C2F389491851EBAF00AA9A6C /* Project object */;
}
